
Microsoft Visual Studio Solution File, Format Version 12.00
# Visual Studio Version 17
VisualStudioVersion = 17.0.32112.339
MinimumVisualStudioVersion = 10.0.40219.1
Project("{FAE04EC0-301F-11D3-BF4B-00C04F79EFBC}") = "TelegramMessaginBot", "TelegramMessaginBot\TelegramMessaginBot.csproj", "{78FBCD50-F17B-402B-9E6D-B49C8C0743D2}"
EndProject
Global
	GlobalSection(SolutionConfigurationPlatforms) = preSolution
		Debug|Any CPU = Debug|Any CPU
		Release|Any CPU = Release|Any CPU
	EndGlobalSection
	GlobalSection(ProjectConfigurationPlatforms) = postSolution
		{78FBCD50-F17B-402B-9E6D-B49C8C0743D2}.Debug|Any CPU.ActiveCfg = Debug|Any CPU
		{78FBCD50-F17B-402B-9E6D-B49C8C0743D2}.Debug|Any CPU.Build.0 = Debug|Any CPU
		{78FBCD50-F17B-402B-9E6D-B49C8C0743D2}.Release|Any CPU.ActiveCfg = Release|Any CPU
		{78FBCD50-F17B-402B-9E6D-B49C8C0743D2}.Release|Any CPU.Build.0 = Release|Any CPU
	EndGlobalSection
	GlobalSection(SolutionProperties) = preSolution
		HideSolutionNode = FALSE
	EndGlobalSection
	GlobalSection(ExtensibilityGlobals) = postSolution
		SolutionGuid = {444A3AA1-2BF7-4DC6-AB4B-8A29D2C9869F}
	EndGlobalSection
EndGlobal
